
Microsoft Visual Studio Solution File, Format Version 12.00
# Visual Studio 15
VisualStudioVersion = 15.0.28307.329
MinimumVisualStudioVersion = 10.0.40219.1
Project("{FAE04EC0-301F-11D3-BF4B-00C04F79EFBC}") = "Opgave3.5", "Opgave3.5.csproj", "{C59B7067-9F2D-422A-B524-9D228CB0A9A5}"
EndProject
Global
	GlobalSection(SolutionConfigurationPlatforms) = preSolution
		Debug|Any CPU = Debug|Any CPU
		Release|Any CPU = Release|Any CPU
	EndGlobalSection
	GlobalSection(ProjectConfigurationPlatforms) = postSolution
		{C59B7067-9F2D-422A-B524-9D228CB0A9A5}.Debug|Any CPU.ActiveCfg = Debug|Any CPU
		{C59B7067-9F2D-422A-B524-9D228CB0A9A5}.Debug|Any CPU.Build.0 = Debug|Any CPU
		{C59B7067-9F2D-422A-B524-9D228CB0A9A5}.Release|Any CPU.ActiveCfg = Release|Any CPU
		{C59B7067-9F2D-422A-B524-9D228CB0A9A5}.Release|Any CPU.Build.0 = Release|Any CPU
	EndGlobalSection
	GlobalSection(SolutionProperties) = preSolution
		HideSolutionNode = FALSE
	EndGlobalSection
	GlobalSection(ExtensibilityGlobals) = postSolution
		SolutionGuid = {18E70C1F-DC6B-4A2C-B720-2FBC93E11DB6}
	EndGlobalSection
EndGlobal
