
Microsoft Visual Studio Solution File, Format Version 12.00
# Visual Studio 15
VisualStudioVersion = 15.0.28307.329
MinimumVisualStudioVersion = 10.0.40219.1
Project("{FAE04EC0-301F-11D3-BF4B-00C04F79EFBC}") = "demoSlider", "demoSlider.csproj", "{4BBD8816-948C-4355-8D04-2E65DEEDD236}"
EndProject
Global
	GlobalSection(SolutionConfigurationPlatforms) = preSolution
		Debug|Any CPU = Debug|Any CPU
		Release|Any CPU = Release|Any CPU
	EndGlobalSection
	GlobalSection(ProjectConfigurationPlatforms) = postSolution
		{4BBD8816-948C-4355-8D04-2E65DEEDD236}.Debug|Any CPU.ActiveCfg = Debug|Any CPU
		{4BBD8816-948C-4355-8D04-2E65DEEDD236}.Debug|Any CPU.Build.0 = Debug|Any CPU
		{4BBD8816-948C-4355-8D04-2E65DEEDD236}.Release|Any CPU.ActiveCfg = Release|Any CPU
		{4BBD8816-948C-4355-8D04-2E65DEEDD236}.Release|Any CPU.Build.0 = Release|Any CPU
	EndGlobalSection
	GlobalSection(SolutionProperties) = preSolution
		HideSolutionNode = FALSE
	EndGlobalSection
	GlobalSection(ExtensibilityGlobals) = postSolution
		SolutionGuid = {14ED7920-76A6-4A0F-9ACA-FADF72512E03}
	EndGlobalSection
EndGlobal
