
Microsoft Visual Studio Solution File, Format Version 12.00
# Visual Studio 2013
VisualStudioVersion = 12.0.21005.1
MinimumVisualStudioVersion = 10.0.40219.1
Project("{FAE04EC0-301F-11D3-BF4B-00C04F79EFBC}") = "Grains of rice", "Grains of rice.csproj", "{87B76BEE-C7B9-4778-B2E1-04E6653C2112}"
EndProject
Global
	GlobalSection(SolutionConfigurationPlatforms) = preSolution
		Debug|Any CPU = Debug|Any CPU
		Release|Any CPU = Release|Any CPU
	EndGlobalSection
	GlobalSection(ProjectConfigurationPlatforms) = postSolution
		{87B76BEE-C7B9-4778-B2E1-04E6653C2112}.Debug|Any CPU.ActiveCfg = Debug|Any CPU
		{87B76BEE-C7B9-4778-B2E1-04E6653C2112}.Debug|Any CPU.Build.0 = Debug|Any CPU
		{87B76BEE-C7B9-4778-B2E1-04E6653C2112}.Release|Any CPU.ActiveCfg = Release|Any CPU
		{87B76BEE-C7B9-4778-B2E1-04E6653C2112}.Release|Any CPU.Build.0 = Release|Any CPU
	EndGlobalSection
	GlobalSection(SolutionProperties) = preSolution
		HideSolutionNode = FALSE
	EndGlobalSection
EndGlobal
