
Microsoft Visual Studio Solution File, Format Version 12.00
# Visual Studio 15
VisualStudioVersion = 15.0.28307.329
MinimumVisualStudioVersion = 10.0.40219.1
Project("{FAE04EC0-301F-11D3-BF4B-00C04F79EFBC}") = "Opgave2.2", "Opgave2.2.csproj", "{FF4C74D8-98CA-49EE-B960-0BD32EE7332C}"
EndProject
Project("{FAE04EC0-301F-11D3-BF4B-00C04F79EFBC}") = "Opgave2.3", "..\Opgave2.3\Opgave2.3.csproj", "{3F77A626-167B-43B5-9D7D-E2BBC10CD85B}"
EndProject
Global
	GlobalSection(SolutionConfigurationPlatforms) = preSolution
		Debug|Any CPU = Debug|Any CPU
		Release|Any CPU = Release|Any CPU
	EndGlobalSection
	GlobalSection(ProjectConfigurationPlatforms) = postSolution
		{FF4C74D8-98CA-49EE-B960-0BD32EE7332C}.Debug|Any CPU.ActiveCfg = Debug|Any CPU
		{FF4C74D8-98CA-49EE-B960-0BD32EE7332C}.Debug|Any CPU.Build.0 = Debug|Any CPU
		{FF4C74D8-98CA-49EE-B960-0BD32EE7332C}.Release|Any CPU.ActiveCfg = Release|Any CPU
		{FF4C74D8-98CA-49EE-B960-0BD32EE7332C}.Release|Any CPU.Build.0 = Release|Any CPU
		{3F77A626-167B-43B5-9D7D-E2BBC10CD85B}.Debug|Any CPU.ActiveCfg = Debug|Any CPU
		{3F77A626-167B-43B5-9D7D-E2BBC10CD85B}.Debug|Any CPU.Build.0 = Debug|Any CPU
		{3F77A626-167B-43B5-9D7D-E2BBC10CD85B}.Release|Any CPU.ActiveCfg = Release|Any CPU
		{3F77A626-167B-43B5-9D7D-E2BBC10CD85B}.Release|Any CPU.Build.0 = Release|Any CPU
	EndGlobalSection
	GlobalSection(SolutionProperties) = preSolution
		HideSolutionNode = FALSE
	EndGlobalSection
	GlobalSection(ExtensibilityGlobals) = postSolution
		SolutionGuid = {A09ACC67-BFA9-4B93-8E19-2E62F935843B}
	EndGlobalSection
EndGlobal
