
Microsoft Visual Studio Solution File, Format Version 12.00
# Visual Studio 15
VisualStudioVersion = 15.0.28307.572
MinimumVisualStudioVersion = 10.0.40219.1
Project("{FAE04EC0-301F-11D3-BF4B-00C04F79EFBC}") = "PreyPredator", "PreyPredator\PreyPredator.csproj", "{F22E0F59-01EB-49A9-AAF9-88CB9E564330}"
EndProject
Global
	GlobalSection(SolutionConfigurationPlatforms) = preSolution
		Debug|Any CPU = Debug|Any CPU
		Release|Any CPU = Release|Any CPU
	EndGlobalSection
	GlobalSection(ProjectConfigurationPlatforms) = postSolution
		{F22E0F59-01EB-49A9-AAF9-88CB9E564330}.Debug|Any CPU.ActiveCfg = Debug|Any CPU
		{F22E0F59-01EB-49A9-AAF9-88CB9E564330}.Debug|Any CPU.Build.0 = Debug|Any CPU
		{F22E0F59-01EB-49A9-AAF9-88CB9E564330}.Release|Any CPU.ActiveCfg = Release|Any CPU
		{F22E0F59-01EB-49A9-AAF9-88CB9E564330}.Release|Any CPU.Build.0 = Release|Any CPU
	EndGlobalSection
	GlobalSection(SolutionProperties) = preSolution
		HideSolutionNode = FALSE
	EndGlobalSection
	GlobalSection(ExtensibilityGlobals) = postSolution
		SolutionGuid = {BD26248A-9D48-4645-BC64-73EA9D5CD9D3}
	EndGlobalSection
EndGlobal
