
Microsoft Visual Studio Solution File, Format Version 12.00
# Visual Studio 15
VisualStudioVersion = 15.0.28307.572
MinimumVisualStudioVersion = 10.0.40219.1
Project("{FAE04EC0-301F-11D3-BF4B-00C04F79EFBC}") = "DirectoryForEx18_8", "DirectoryForEx18_8.csproj", "{3CCA5DD4-A3BE-416F-8272-627D5B481B0C}"
EndProject
Global
	GlobalSection(SolutionConfigurationPlatforms) = preSolution
		Debug|Any CPU = Debug|Any CPU
		Release|Any CPU = Release|Any CPU
	EndGlobalSection
	GlobalSection(ProjectConfigurationPlatforms) = postSolution
		{3CCA5DD4-A3BE-416F-8272-627D5B481B0C}.Debug|Any CPU.ActiveCfg = Debug|Any CPU
		{3CCA5DD4-A3BE-416F-8272-627D5B481B0C}.Debug|Any CPU.Build.0 = Debug|Any CPU
		{3CCA5DD4-A3BE-416F-8272-627D5B481B0C}.Release|Any CPU.ActiveCfg = Release|Any CPU
		{3CCA5DD4-A3BE-416F-8272-627D5B481B0C}.Release|Any CPU.Build.0 = Release|Any CPU
	EndGlobalSection
	GlobalSection(SolutionProperties) = preSolution
		HideSolutionNode = FALSE
	EndGlobalSection
	GlobalSection(ExtensibilityGlobals) = postSolution
		SolutionGuid = {474FD93E-B209-4449-A04F-3D6C55C41D4E}
	EndGlobalSection
EndGlobal
