
Microsoft Visual Studio Solution File, Format Version 12.00
# Visual Studio 2013
VisualStudioVersion = 12.0.21005.1
MinimumVisualStudioVersion = 10.0.40219.1
Project("{FAE04EC0-301F-11D3-BF4B-00C04F79EFBC}") = "Amplifier", "Amplifier.csproj", "{15E09EF0-D83D-4203-86C8-5F4D4A20BB78}"
EndProject
Global
	GlobalSection(SolutionConfigurationPlatforms) = preSolution
		Debug|Any CPU = Debug|Any CPU
		Release|Any CPU = Release|Any CPU
	EndGlobalSection
	GlobalSection(ProjectConfigurationPlatforms) = postSolution
		{15E09EF0-D83D-4203-86C8-5F4D4A20BB78}.Debug|Any CPU.ActiveCfg = Debug|Any CPU
		{15E09EF0-D83D-4203-86C8-5F4D4A20BB78}.Debug|Any CPU.Build.0 = Debug|Any CPU
		{15E09EF0-D83D-4203-86C8-5F4D4A20BB78}.Release|Any CPU.ActiveCfg = Release|Any CPU
		{15E09EF0-D83D-4203-86C8-5F4D4A20BB78}.Release|Any CPU.Build.0 = Release|Any CPU
	EndGlobalSection
	GlobalSection(SolutionProperties) = preSolution
		HideSolutionNode = FALSE
	EndGlobalSection
EndGlobal
