
Microsoft Visual Studio Solution File, Format Version 12.00
# Visual Studio 15
VisualStudioVersion = 15.0.26730.12
MinimumVisualStudioVersion = 10.0.40219.1
Project("{FAE04EC0-301F-11D3-BF4B-00C04F79EFBC}") = "Voting", "Voting\Voting.csproj", "{FBD81285-2437-417B-880A-E3B5688D7D7D}"
EndProject
Project("{FAE04EC0-301F-11D3-BF4B-00C04F79EFBC}") = "Voting.Tests", "Voting.Tests\Voting.Tests.csproj", "{4FFC9940-BA54-452D-BE60-03C5439C1D00}"
EndProject
Global
	GlobalSection(SolutionConfigurationPlatforms) = preSolution
		Debug|Any CPU = Debug|Any CPU
		Release|Any CPU = Release|Any CPU
	EndGlobalSection
	GlobalSection(ProjectConfigurationPlatforms) = postSolution
		{FBD81285-2437-417B-880A-E3B5688D7D7D}.Debug|Any CPU.ActiveCfg = Debug|Any CPU
		{FBD81285-2437-417B-880A-E3B5688D7D7D}.Debug|Any CPU.Build.0 = Debug|Any CPU
		{FBD81285-2437-417B-880A-E3B5688D7D7D}.Release|Any CPU.ActiveCfg = Release|Any CPU
		{FBD81285-2437-417B-880A-E3B5688D7D7D}.Release|Any CPU.Build.0 = Release|Any CPU
		{4FFC9940-BA54-452D-BE60-03C5439C1D00}.Debug|Any CPU.ActiveCfg = Debug|Any CPU
		{4FFC9940-BA54-452D-BE60-03C5439C1D00}.Debug|Any CPU.Build.0 = Debug|Any CPU
		{4FFC9940-BA54-452D-BE60-03C5439C1D00}.Release|Any CPU.ActiveCfg = Release|Any CPU
		{4FFC9940-BA54-452D-BE60-03C5439C1D00}.Release|Any CPU.Build.0 = Release|Any CPU
	EndGlobalSection
	GlobalSection(SolutionProperties) = preSolution
		HideSolutionNode = FALSE
	EndGlobalSection
	GlobalSection(ExtensibilityGlobals) = postSolution
		SolutionGuid = {F1EF8971-74D5-4C0C-AF84-026FEB0CF4E6}
	EndGlobalSection
EndGlobal
