
Microsoft Visual Studio Solution File, Format Version 12.00
# Visual Studio 2013
VisualStudioVersion = 12.0.21005.1
MinimumVisualStudioVersion = 10.0.40219.1
Project("{FAE04EC0-301F-11D3-BF4B-00C04F79EFBC}") = "TestVraag4_8", "TestVraag4_8.csproj", "{D81F59CE-64AB-4F47-A656-D7C6724A5413}"
EndProject
Global
	GlobalSection(SolutionConfigurationPlatforms) = preSolution
		Debug|Any CPU = Debug|Any CPU
		Release|Any CPU = Release|Any CPU
	EndGlobalSection
	GlobalSection(ProjectConfigurationPlatforms) = postSolution
		{D81F59CE-64AB-4F47-A656-D7C6724A5413}.Debug|Any CPU.ActiveCfg = Debug|Any CPU
		{D81F59CE-64AB-4F47-A656-D7C6724A5413}.Debug|Any CPU.Build.0 = Debug|Any CPU
		{D81F59CE-64AB-4F47-A656-D7C6724A5413}.Release|Any CPU.ActiveCfg = Release|Any CPU
		{D81F59CE-64AB-4F47-A656-D7C6724A5413}.Release|Any CPU.Build.0 = Release|Any CPU
	EndGlobalSection
	GlobalSection(SolutionProperties) = preSolution
		HideSolutionNode = FALSE
	EndGlobalSection
EndGlobal
