
Microsoft Visual Studio Solution File, Format Version 12.00
# Visual Studio 15
VisualStudioVersion = 15.0.26430.14
MinimumVisualStudioVersion = 10.0.40219.1
Project("{FAE04EC0-301F-11D3-BF4B-00C04F79EFBC}") = "PlayingCards", "PlayingCards.csproj", "{EFF69ED6-FC5E-4339-A8BC-938021868FDE}"
EndProject
Global
	GlobalSection(SolutionConfigurationPlatforms) = preSolution
		Debug|Any CPU = Debug|Any CPU
		Release|Any CPU = Release|Any CPU
	EndGlobalSection
	GlobalSection(ProjectConfigurationPlatforms) = postSolution
		{EFF69ED6-FC5E-4339-A8BC-938021868FDE}.Debug|Any CPU.ActiveCfg = Debug|Any CPU
		{EFF69ED6-FC5E-4339-A8BC-938021868FDE}.Debug|Any CPU.Build.0 = Debug|Any CPU
		{EFF69ED6-FC5E-4339-A8BC-938021868FDE}.Release|Any CPU.ActiveCfg = Release|Any CPU
		{EFF69ED6-FC5E-4339-A8BC-938021868FDE}.Release|Any CPU.Build.0 = Release|Any CPU
	EndGlobalSection
	GlobalSection(SolutionProperties) = preSolution
		HideSolutionNode = FALSE
	EndGlobalSection
EndGlobal
