
Microsoft Visual Studio Solution File, Format Version 12.00
# Visual Studio 15
VisualStudioVersion = 15.0.28307.329
MinimumVisualStudioVersion = 10.0.40219.1
Project("{FAE04EC0-301F-11D3-BF4B-00C04F79EFBC}") = "Opgave2.4", "Opgave2.4.csproj", "{6C971D78-B933-4554-99CB-8E0547A04626}"
EndProject
Global
	GlobalSection(SolutionConfigurationPlatforms) = preSolution
		Debug|Any CPU = Debug|Any CPU
		Release|Any CPU = Release|Any CPU
	EndGlobalSection
	GlobalSection(ProjectConfigurationPlatforms) = postSolution
		{6C971D78-B933-4554-99CB-8E0547A04626}.Debug|Any CPU.ActiveCfg = Debug|Any CPU
		{6C971D78-B933-4554-99CB-8E0547A04626}.Debug|Any CPU.Build.0 = Debug|Any CPU
		{6C971D78-B933-4554-99CB-8E0547A04626}.Release|Any CPU.ActiveCfg = Release|Any CPU
		{6C971D78-B933-4554-99CB-8E0547A04626}.Release|Any CPU.Build.0 = Release|Any CPU
	EndGlobalSection
	GlobalSection(SolutionProperties) = preSolution
		HideSolutionNode = FALSE
	EndGlobalSection
	GlobalSection(ExtensibilityGlobals) = postSolution
		SolutionGuid = {5AD140CD-8698-414F-9DF4-8BF74BA3BA17}
	EndGlobalSection
EndGlobal
