
Microsoft Visual Studio Solution File, Format Version 12.00
# Visual Studio 2013
VisualStudioVersion = 12.0.21005.1
MinimumVisualStudioVersion = 10.0.40219.1
Project("{FAE04EC0-301F-11D3-BF4B-00C04F79EFBC}") = "TestVraag3_1", "TestVraag3_1.csproj", "{6CE955E0-1041-4F4A-85E4-53B506850BD0}"
EndProject
Global
	GlobalSection(SolutionConfigurationPlatforms) = preSolution
		Debug|Any CPU = Debug|Any CPU
		Release|Any CPU = Release|Any CPU
	EndGlobalSection
	GlobalSection(ProjectConfigurationPlatforms) = postSolution
		{6CE955E0-1041-4F4A-85E4-53B506850BD0}.Debug|Any CPU.ActiveCfg = Debug|Any CPU
		{6CE955E0-1041-4F4A-85E4-53B506850BD0}.Debug|Any CPU.Build.0 = Debug|Any CPU
		{6CE955E0-1041-4F4A-85E4-53B506850BD0}.Release|Any CPU.ActiveCfg = Release|Any CPU
		{6CE955E0-1041-4F4A-85E4-53B506850BD0}.Release|Any CPU.Build.0 = Release|Any CPU
	EndGlobalSection
	GlobalSection(SolutionProperties) = preSolution
		HideSolutionNode = FALSE
	EndGlobalSection
EndGlobal
