
Microsoft Visual Studio Solution File, Format Version 12.00
# Visual Studio 15
VisualStudioVersion = 15.0.28307.329
MinimumVisualStudioVersion = 10.0.40219.1
Project("{FAE04EC0-301F-11D3-BF4B-00C04F79EFBC}") = "opgave4.9", "opgave4.9.csproj", "{FAAC8645-592A-46F3-A6A1-8055E7C4A6A8}"
EndProject
Global
	GlobalSection(SolutionConfigurationPlatforms) = preSolution
		Debug|Any CPU = Debug|Any CPU
		Release|Any CPU = Release|Any CPU
	EndGlobalSection
	GlobalSection(ProjectConfigurationPlatforms) = postSolution
		{FAAC8645-592A-46F3-A6A1-8055E7C4A6A8}.Debug|Any CPU.ActiveCfg = Debug|Any CPU
		{FAAC8645-592A-46F3-A6A1-8055E7C4A6A8}.Debug|Any CPU.Build.0 = Debug|Any CPU
		{FAAC8645-592A-46F3-A6A1-8055E7C4A6A8}.Release|Any CPU.ActiveCfg = Release|Any CPU
		{FAAC8645-592A-46F3-A6A1-8055E7C4A6A8}.Release|Any CPU.Build.0 = Release|Any CPU
	EndGlobalSection
	GlobalSection(SolutionProperties) = preSolution
		HideSolutionNode = FALSE
	EndGlobalSection
	GlobalSection(ExtensibilityGlobals) = postSolution
		SolutionGuid = {A3C13AE7-048A-44C7-B417-D1569CF563FE}
	EndGlobalSection
EndGlobal
