
Microsoft Visual Studio Solution File, Format Version 12.00
# Visual Studio 2013
VisualStudioVersion = 12.0.21005.1
MinimumVisualStudioVersion = 10.0.40219.1
Project("{FAE04EC0-301F-11D3-BF4B-00C04F79EFBC}") = "Guesser", "Guesser.csproj", "{BDDB08D9-2C09-4AC5-92A6-E80754DF8228}"
EndProject
Global
	GlobalSection(SolutionConfigurationPlatforms) = preSolution
		Debug|Any CPU = Debug|Any CPU
		Release|Any CPU = Release|Any CPU
	EndGlobalSection
	GlobalSection(ProjectConfigurationPlatforms) = postSolution
		{BDDB08D9-2C09-4AC5-92A6-E80754DF8228}.Debug|Any CPU.ActiveCfg = Debug|Any CPU
		{BDDB08D9-2C09-4AC5-92A6-E80754DF8228}.Debug|Any CPU.Build.0 = Debug|Any CPU
		{BDDB08D9-2C09-4AC5-92A6-E80754DF8228}.Release|Any CPU.ActiveCfg = Release|Any CPU
		{BDDB08D9-2C09-4AC5-92A6-E80754DF8228}.Release|Any CPU.Build.0 = Release|Any CPU
	EndGlobalSection
	GlobalSection(SolutionProperties) = preSolution
		HideSolutionNode = FALSE
	EndGlobalSection
EndGlobal
